
Microsoft Visual Studio Solution File, Format Version 12.00
# Visual Studio Version 16
VisualStudioVersion = 16.0.31321.278
MinimumVisualStudioVersion = 10.0.40219.1
Project("{FAE04EC0-301F-11D3-BF4B-00C04F79EFBC}") = "MISA.AMIS.Web", "MISA.AMIS.Web\MISA.AMIS.Web.csproj", "{B6E5493E-44B4-486C-A7B5-349070F65D39}"
EndProject
Project("{FAE04EC0-301F-11D3-BF4B-00C04F79EFBC}") = "MISA.Infastructure", "MISA.Infastructure\MISA.Infastructure.csproj", "{AD682D96-80CB-406C-AB1E-2D2B87E0166A}"
EndProject
Project("{FAE04EC0-301F-11D3-BF4B-00C04F79EFBC}") = "MISA.ApplicationCore", "MISA.ApplicationCore\MISA.ApplicationCore.csproj", "{42088DCF-BD9F-48C0-9366-E49E8165D6A5}"
EndProject
Global
	GlobalSection(SolutionConfigurationPlatforms) = preSolution
		Debug|Any CPU = Debug|Any CPU
		Release|Any CPU = Release|Any CPU
	EndGlobalSection
	GlobalSection(ProjectConfigurationPlatforms) = postSolution
		{B6E5493E-44B4-486C-A7B5-349070F65D39}.Debug|Any CPU.ActiveCfg = Debug|Any CPU
		{B6E5493E-44B4-486C-A7B5-349070F65D39}.Debug|Any CPU.Build.0 = Debug|Any CPU
		{B6E5493E-44B4-486C-A7B5-349070F65D39}.Release|Any CPU.ActiveCfg = Release|Any CPU
		{B6E5493E-44B4-486C-A7B5-349070F65D39}.Release|Any CPU.Build.0 = Release|Any CPU
		{AD682D96-80CB-406C-AB1E-2D2B87E0166A}.Debug|Any CPU.ActiveCfg = Debug|Any CPU
		{AD682D96-80CB-406C-AB1E-2D2B87E0166A}.Debug|Any CPU.Build.0 = Debug|Any CPU
		{AD682D96-80CB-406C-AB1E-2D2B87E0166A}.Release|Any CPU.ActiveCfg = Release|Any CPU
		{AD682D96-80CB-406C-AB1E-2D2B87E0166A}.Release|Any CPU.Build.0 = Release|Any CPU
		{42088DCF-BD9F-48C0-9366-E49E8165D6A5}.Debug|Any CPU.ActiveCfg = Debug|Any CPU
		{42088DCF-BD9F-48C0-9366-E49E8165D6A5}.Debug|Any CPU.Build.0 = Debug|Any CPU
		{42088DCF-BD9F-48C0-9366-E49E8165D6A5}.Release|Any CPU.ActiveCfg = Release|Any CPU
		{42088DCF-BD9F-48C0-9366-E49E8165D6A5}.Release|Any CPU.Build.0 = Release|Any CPU
	EndGlobalSection
	GlobalSection(SolutionProperties) = preSolution
		HideSolutionNode = FALSE
	EndGlobalSection
	GlobalSection(ExtensibilityGlobals) = postSolution
		SolutionGuid = {001FB8B9-2B3C-4859-935F-FEFFDF9B4A9A}
	EndGlobalSection
EndGlobal
